
Microsoft Visual Studio Solution File, Format Version 12.00
# Visual Studio Version 17
VisualStudioVersion = 17.14.36705.20 d17.14
MinimumVisualStudioVersion = 10.0.40219.1
Project("{FAE04EC0-301F-11D3-BF4B-00C04F79EFBC}") = "ConceptsPOO", "ConceptsPOO\ConceptsPOO.csproj", "{E7DA8CF6-CB36-41A2-AC76-078C5CE0EDF0}"
EndProject
Global
	GlobalSection(SolutionConfigurationPlatforms) = preSolution
		Debug|Any CPU = Debug|Any CPU
		Release|Any CPU = Release|Any CPU
	EndGlobalSection
	GlobalSection(ProjectConfigurationPlatforms) = postSolution
		{E7DA8CF6-CB36-41A2-AC76-078C5CE0EDF0}.Debug|Any CPU.ActiveCfg = Debug|Any CPU
		{E7DA8CF6-CB36-41A2-AC76-078C5CE0EDF0}.Debug|Any CPU.Build.0 = Debug|Any CPU
		{E7DA8CF6-CB36-41A2-AC76-078C5CE0EDF0}.Release|Any CPU.ActiveCfg = Release|Any CPU
		{E7DA8CF6-CB36-41A2-AC76-078C5CE0EDF0}.Release|Any CPU.Build.0 = Release|Any CPU
	EndGlobalSection
	GlobalSection(SolutionProperties) = preSolution
		HideSolutionNode = FALSE
	EndGlobalSection
	GlobalSection(ExtensibilityGlobals) = postSolution
		SolutionGuid = {0204DE77-BFD5-4B15-8C1C-080C8C60543B}
	EndGlobalSection
EndGlobal
