
Microsoft Visual Studio Solution File, Format Version 12.00
# Visual Studio Version 17
VisualStudioVersion = 17.11.35219.272
MinimumVisualStudioVersion = 10.0.40219.1
Project("{FAE04EC0-301F-11D3-BF4B-00C04F79EFBC}") = "ConceptsPOO", "ConceptsPOO\ConceptsPOO.csproj", "{B0E70263-B836-4DEF-836C-60F32924F7E1}"
EndProject
Global
	GlobalSection(SolutionConfigurationPlatforms) = preSolution
		Debug|Any CPU = Debug|Any CPU
		Release|Any CPU = Release|Any CPU
	EndGlobalSection
	GlobalSection(ProjectConfigurationPlatforms) = postSolution
		{B0E70263-B836-4DEF-836C-60F32924F7E1}.Debug|Any CPU.ActiveCfg = Debug|Any CPU
		{B0E70263-B836-4DEF-836C-60F32924F7E1}.Debug|Any CPU.Build.0 = Debug|Any CPU
		{B0E70263-B836-4DEF-836C-60F32924F7E1}.Release|Any CPU.ActiveCfg = Release|Any CPU
		{B0E70263-B836-4DEF-836C-60F32924F7E1}.Release|Any CPU.Build.0 = Release|Any CPU
	EndGlobalSection
	GlobalSection(SolutionProperties) = preSolution
		HideSolutionNode = FALSE
	EndGlobalSection
	GlobalSection(ExtensibilityGlobals) = postSolution
		SolutionGuid = {4DA18FC5-700F-4EFF-AE0B-3A2EECD18143}
	EndGlobalSection
EndGlobal
